
Microsoft Visual Studio Solution File, Format Version 12.00
# Visual Studio Version 17
VisualStudioVersion = 17.2.32630.192
MinimumVisualStudioVersion = 10.0.40219.1
Project("{9A19103F-16F7-4668-BE54-9A1E7A4F7556}") = "LostArkLogger", "LostArkLogger\LostArkLogger.csproj", "{963F7524-9531-4027-8CE1-C47716DC0A50}"
EndProject
Project("{FAE04EC0-301F-11D3-BF4B-00C04F79EFBC}") = "MachinaNet6", "MachinaNet6\MachinaNet6.csproj", "{14B51637-905A-45FB-B580-9619A1B32348}"
EndProject
Global
	GlobalSection(SolutionConfigurationPlatforms) = preSolution
		Debug|Any CPU = Debug|Any CPU
		Release|Any CPU = Release|Any CPU
	EndGlobalSection
	GlobalSection(ProjectConfigurationPlatforms) = postSolution
		{963F7524-9531-4027-8CE1-C47716DC0A50}.Debug|Any CPU.ActiveCfg = Debug|Any CPU
		{963F7524-9531-4027-8CE1-C47716DC0A50}.Debug|Any CPU.Build.0 = Debug|Any CPU
		{963F7524-9531-4027-8CE1-C47716DC0A50}.Release|Any CPU.ActiveCfg = Release|Any CPU
		{963F7524-9531-4027-8CE1-C47716DC0A50}.Release|Any CPU.Build.0 = Release|Any CPU
		{14B51637-905A-45FB-B580-9619A1B32348}.Debug|Any CPU.ActiveCfg = Debug|Any CPU
		{14B51637-905A-45FB-B580-9619A1B32348}.Debug|Any CPU.Build.0 = Debug|Any CPU
		{14B51637-905A-45FB-B580-9619A1B32348}.Release|Any CPU.ActiveCfg = Release|Any CPU
		{14B51637-905A-45FB-B580-9619A1B32348}.Release|Any CPU.Build.0 = Release|Any CPU
	EndGlobalSection
	GlobalSection(SolutionProperties) = preSolution
		HideSolutionNode = FALSE
	EndGlobalSection
	GlobalSection(ExtensibilityGlobals) = postSolution
		SolutionGuid = {A4B75FE5-2AFD-474A-91A1-F0EEE21687FC}
	EndGlobalSection
EndGlobal
