
Microsoft Visual Studio Solution File, Format Version 12.00
# Visual Studio Version 17
VisualStudioVersion = 17.0.32112.339
MinimumVisualStudioVersion = 10.0.40219.1
Project("{FAE04EC0-301F-11D3-BF4B-00C04F79EFBC}") = "LostArkLogger", "LostArkLogger\LostArkLogger.csproj", "{B0808A8B-3ADC-4BB1-8927-5BCB9A519131}"
EndProject
Project("{FAE04EC0-301F-11D3-BF4B-00C04F79EFBC}") = "LostArk_ACT_Plugin", "LostArk_ACT_Plugin\LostArk_ACT_Plugin.csproj", "{43D69193-428B-4F39-856D-B26A133F22F4}"
EndProject
Project("{FAE04EC0-301F-11D3-BF4B-00C04F79EFBC}") = "MachinaNetFramework", "MachinaNetFramework\MachinaNetFramework.csproj", "{E463D199-BA11-4B7A-A342-DD1916F8C771}"
EndProject
Project("{9A19103F-16F7-4668-BE54-9A1E7A4F7556}") = "Machina", "..\machina-master\Machina\Machina.csproj", "{40CF97DF-C1EC-4774-A12F-7E156E69AAFC}"
EndProject
Global
	GlobalSection(SolutionConfigurationPlatforms) = preSolution
		Debug|Any CPU = Debug|Any CPU
		Release|Any CPU = Release|Any CPU
	EndGlobalSection
	GlobalSection(ProjectConfigurationPlatforms) = postSolution
		{B0808A8B-3ADC-4BB1-8927-5BCB9A519131}.Debug|Any CPU.ActiveCfg = Debug|Any CPU
		{B0808A8B-3ADC-4BB1-8927-5BCB9A519131}.Debug|Any CPU.Build.0 = Debug|Any CPU
		{B0808A8B-3ADC-4BB1-8927-5BCB9A519131}.Release|Any CPU.ActiveCfg = Release|Any CPU
		{B0808A8B-3ADC-4BB1-8927-5BCB9A519131}.Release|Any CPU.Build.0 = Release|Any CPU
		{43D69193-428B-4F39-856D-B26A133F22F4}.Debug|Any CPU.ActiveCfg = Debug|Any CPU
		{43D69193-428B-4F39-856D-B26A133F22F4}.Debug|Any CPU.Build.0 = Debug|Any CPU
		{43D69193-428B-4F39-856D-B26A133F22F4}.Release|Any CPU.ActiveCfg = Release|Any CPU
		{43D69193-428B-4F39-856D-B26A133F22F4}.Release|Any CPU.Build.0 = Release|Any CPU
		{E463D199-BA11-4B7A-A342-DD1916F8C771}.Debug|Any CPU.ActiveCfg = Debug|Any CPU
		{E463D199-BA11-4B7A-A342-DD1916F8C771}.Debug|Any CPU.Build.0 = Debug|Any CPU
		{E463D199-BA11-4B7A-A342-DD1916F8C771}.Release|Any CPU.ActiveCfg = Release|Any CPU
		{E463D199-BA11-4B7A-A342-DD1916F8C771}.Release|Any CPU.Build.0 = Release|Any CPU
		{40CF97DF-C1EC-4774-A12F-7E156E69AAFC}.Debug|Any CPU.ActiveCfg = Debug|Any CPU
		{40CF97DF-C1EC-4774-A12F-7E156E69AAFC}.Debug|Any CPU.Build.0 = Debug|Any CPU
		{40CF97DF-C1EC-4774-A12F-7E156E69AAFC}.Release|Any CPU.ActiveCfg = Release|Any CPU
		{40CF97DF-C1EC-4774-A12F-7E156E69AAFC}.Release|Any CPU.Build.0 = Release|Any CPU
	EndGlobalSection
	GlobalSection(SolutionProperties) = preSolution
		HideSolutionNode = FALSE
	EndGlobalSection
	GlobalSection(ExtensibilityGlobals) = postSolution
		SolutionGuid = {E6149BBE-CF9F-4F2B-B8E4-63B45369E2B5}
	EndGlobalSection
EndGlobal
